
Microsoft Visual Studio Solution File, Format Version 12.00
# Visual Studio Version 17
VisualStudioVersion = 17.5.33516.290
MinimumVisualStudioVersion = 10.0.40219.1
Project("{888888A0-9F3D-457C-B088-3A5042F75D52}") = "StPluginTester", "StPluginTester.pyproj", "{56224532-0E9C-4B7C-9778-7A7E97187DAD}"
EndProject
Global
	GlobalSection(SolutionConfigurationPlatforms) = preSolution
		Debug|Any CPU = Debug|Any CPU
		Release|Any CPU = Release|Any CPU
	EndGlobalSection
	GlobalSection(ProjectConfigurationPlatforms) = postSolution
		{56224532-0E9C-4B7C-9778-7A7E97187DAD}.Debug|Any CPU.ActiveCfg = Debug|Any CPU
		{56224532-0E9C-4B7C-9778-7A7E97187DAD}.Release|Any CPU.ActiveCfg = Release|Any CPU
	EndGlobalSection
	GlobalSection(SolutionProperties) = preSolution
		HideSolutionNode = FALSE
	EndGlobalSection
	GlobalSection(ExtensibilityGlobals) = postSolution
		SolutionGuid = {8016E32A-59AC-4B12-86C4-1B7DAA54B05A}
	EndGlobalSection
EndGlobal
